
Microsoft Visual Studio Solution File, Format Version 12.00
# Visual Studio Version 17
VisualStudioVersion = 17.6.33815.320
MinimumVisualStudioVersion = 10.0.40219.1
Project("{FAE04EC0-301F-11D3-BF4B-00C04F79EFBC}") = "Servers", "Servers\Servers.csproj", "{DA644A3D-4ED0-4EF3-B4EB-D7DA98B0F0EB}"
EndProject
Project("{FAE04EC0-301F-11D3-BF4B-00C04F79EFBC}") = "ServrsLibrary", "ServrsLibrary\ServrsLibrary.csproj", "{1EE324D6-440D-444F-AB9E-35FE10037150}"
EndProject
Global
	GlobalSection(SolutionConfigurationPlatforms) = preSolution
		Debug|Any CPU = Debug|Any CPU
		Release|Any CPU = Release|Any CPU
	EndGlobalSection
	GlobalSection(ProjectConfigurationPlatforms) = postSolution
		{DA644A3D-4ED0-4EF3-B4EB-D7DA98B0F0EB}.Debug|Any CPU.ActiveCfg = Debug|Any CPU
		{DA644A3D-4ED0-4EF3-B4EB-D7DA98B0F0EB}.Debug|Any CPU.Build.0 = Debug|Any CPU
		{DA644A3D-4ED0-4EF3-B4EB-D7DA98B0F0EB}.Release|Any CPU.ActiveCfg = Release|Any CPU
		{DA644A3D-4ED0-4EF3-B4EB-D7DA98B0F0EB}.Release|Any CPU.Build.0 = Release|Any CPU
		{1EE324D6-440D-444F-AB9E-35FE10037150}.Debug|Any CPU.ActiveCfg = Debug|Any CPU
		{1EE324D6-440D-444F-AB9E-35FE10037150}.Debug|Any CPU.Build.0 = Debug|Any CPU
		{1EE324D6-440D-444F-AB9E-35FE10037150}.Release|Any CPU.ActiveCfg = Release|Any CPU
		{1EE324D6-440D-444F-AB9E-35FE10037150}.Release|Any CPU.Build.0 = Release|Any CPU
	EndGlobalSection
	GlobalSection(SolutionProperties) = preSolution
		HideSolutionNode = FALSE
	EndGlobalSection
	GlobalSection(ExtensibilityGlobals) = postSolution
		SolutionGuid = {36D8E76F-3BF2-4C43-A48B-DF7B551BE29D}
	EndGlobalSection
EndGlobal
